<?xml version="1.0" encoding="UTF-8"?>
<Solution>
	<Configurations>
		<BuildType Name="Debug"/>
		<BuildType Name="Release"/>
		<BuildType Name="MinSizeRel"/>
		<BuildType Name="RelWithDebInfo"/>
		<Platform Name="x64"/>
	</Configurations>
	<Project Path="ALL_BUILD.vcxproj" Type="8bc9ceb8-8b4a-11d0-8d11-00a0c91bc942" Id="3cac0acc-718d-3f75-ab80-286840d2a43f" DefaultStartup="true">
		<BuildDependency Project="ZERO_CHECK.vcxproj"/>
		<BuildDependency Project="cs2_offset_esp.vcxproj"/>
	</Project>
	<Project Path="INSTALL.vcxproj" Type="8bc9ceb8-8b4a-11d0-8d11-00a0c91bc942" Id="c815480e-d07c-3ce5-8664-cfd4ca3f8e3e">
		<BuildDependency Project="ALL_BUILD.vcxproj"/>
		<BuildDependency Project="ZERO_CHECK.vcxproj"/>
		<Build Solution="Debug|*" Project="false"/>
		<Build Solution="Release|*" Project="false"/>
		<Build Solution="MinSizeRel|*" Project="false"/>
		<Build Solution="RelWithDebInfo|*" Project="false"/>
	</Project>
	<Project Path="ZERO_CHECK.vcxproj" Type="8bc9ceb8-8b4a-11d0-8d11-00a0c91bc942" Id="a07d11a9-a936-396c-913b-2193a67a2054"/>
	<Project Path="cs2_offset_esp.vcxproj" Type="8bc9ceb8-8b4a-11d0-8d11-00a0c91bc942" Id="97a4183d-f1be-3ab8-a617-0efb34fcdd1d">
		<BuildDependency Project="ZERO_CHECK.vcxproj"/>
		<BuildDependency Project="third_party/minhook-build/minhook.vcxproj"/>
	</Project>
	<Project Path="third_party/minhook-build/minhook.vcxproj" Type="8bc9ceb8-8b4a-11d0-8d11-00a0c91bc942" Id="da97d8de-2ea5-3d33-9628-5a5774457148">
		<BuildDependency Project="ZERO_CHECK.vcxproj"/>
	</Project>
</Solution>
