<?xml version="1.0" encoding="utf-8"?>
<Project ToolsVersion="18.0" xmlns="http://schemas.microsoft.com/developer/msbuild/2003">
  <ItemGroup>
    <CustomBuild Include="C:\Users\eblan\Desktop\test\build-internal\CMakeFiles\470ec89331708f927debee82398b2fa0\generate.stamp.rule">
      <Filter>CMake Rules</Filter>
    </CustomBuild>
  </ItemGroup>
  <ItemGroup>
    <Filter Include="CMake Rules">
      <UniqueIdentifier>{B1513482-C725-373F-ACEE-0DF2EC298A25}</UniqueIdentifier>
    </Filter>
  </ItemGroup>
</Project>
