<?xml version="1.0" encoding="UTF-8"?>
<Solution>
	<Configurations>
		<BuildType Name="Debug"/>
		<BuildType Name="Release"/>
		<BuildType Name="MinSizeRel"/>
		<BuildType Name="RelWithDebInfo"/>
		<Platform Name="x64"/>
	</Configurations>
	<Project Path="ALL_BUILD.vcxproj" Type="8bc9ceb8-8b4a-11d0-8d11-00a0c91bc942" Id="deadf92d-0ca9-394d-af03-2f62f78a20df" DefaultStartup="true">
		<BuildDependency Project="ZERO_CHECK.vcxproj"/>
		<BuildDependency Project="cs2_offset_esp.vcxproj"/>
	</Project>
	<Project Path="INSTALL.vcxproj" Type="8bc9ceb8-8b4a-11d0-8d11-00a0c91bc942" Id="8899b5ed-2a36-3578-96f6-00754f714892">
		<BuildDependency Project="ALL_BUILD.vcxproj"/>
		<BuildDependency Project="ZERO_CHECK.vcxproj"/>
		<Build Solution="Debug|*" Project="false"/>
		<Build Solution="Release|*" Project="false"/>
		<Build Solution="MinSizeRel|*" Project="false"/>
		<Build Solution="RelWithDebInfo|*" Project="false"/>
	</Project>
	<Project Path="ZERO_CHECK.vcxproj" Type="8bc9ceb8-8b4a-11d0-8d11-00a0c91bc942" Id="d381ea5a-c547-3156-ab07-25b8755a3c37"/>
	<Project Path="cs2_offset_esp.vcxproj" Type="8bc9ceb8-8b4a-11d0-8d11-00a0c91bc942" Id="5d674f6f-ff66-3805-b1bc-97611a4bf40f">
		<BuildDependency Project="ZERO_CHECK.vcxproj"/>
		<BuildDependency Project="third_party/minhook-build/minhook.vcxproj"/>
	</Project>
	<Project Path="third_party/minhook-build/minhook.vcxproj" Type="8bc9ceb8-8b4a-11d0-8d11-00a0c91bc942" Id="fd035597-88e3-333e-88fa-ba463d40e88f">
		<BuildDependency Project="ZERO_CHECK.vcxproj"/>
	</Project>
</Solution>
